
Microsoft Visual Studio Solution File, Format Version 12.00
# Visual Studio Version 16
VisualStudioVersion = 16.0.32929.386
MinimumVisualStudioVersion = 10.0.40219.1
Project("{FAE04EC0-301F-11D3-BF4B-00C04F79EFBC}") = "OperatorCalculator", "OperatorCalculator.csproj", "{4D1FB36B-D00B-4EEC-B1A4-A8E8039110CE}"
EndProject
Global
	GlobalSection(SolutionConfigurationPlatforms) = preSolution
		Debug|Any CPU = Debug|Any CPU
		Release|Any CPU = Release|Any CPU
	EndGlobalSection
	GlobalSection(ProjectConfigurationPlatforms) = postSolution
		{4D1FB36B-D00B-4EEC-B1A4-A8E8039110CE}.Debug|Any CPU.ActiveCfg = Debug|Any CPU
		{4D1FB36B-D00B-4EEC-B1A4-A8E8039110CE}.Debug|Any CPU.Build.0 = Debug|Any CPU
		{4D1FB36B-D00B-4EEC-B1A4-A8E8039110CE}.Release|Any CPU.ActiveCfg = Release|Any CPU
		{4D1FB36B-D00B-4EEC-B1A4-A8E8039110CE}.Release|Any CPU.Build.0 = Release|Any CPU
	EndGlobalSection
	GlobalSection(SolutionProperties) = preSolution
		HideSolutionNode = FALSE
	EndGlobalSection
	GlobalSection(ExtensibilityGlobals) = postSolution
		SolutionGuid = {E70637D3-DAC5-4F7D-BDED-1826F0259243}
	EndGlobalSection
EndGlobal
